
Microsoft Visual Studio Solution File, Format Version 12.00
# Visual Studio 15
VisualStudioVersion = 15.0.26228.4
MinimumVisualStudioVersion = 10.0.40219.1
Project("{FAE04EC0-301F-11D3-BF4B-00C04F79EFBC}") = "AKQA.Common", "AKQA.Common\AKQA.Common.csproj", "{8AD32898-1442-4A3A-92C0-01CD5ED4D5EB}"
EndProject
Project("{FAE04EC0-301F-11D3-BF4B-00C04F79EFBC}") = "AKQA.Common.Tests", "AKQA.Common.Tests\AKQA.Common.Tests.csproj", "{3EDF9846-629B-4B6E-8578-564B5FD96F52}"
EndProject
Project("{FAE04EC0-301F-11D3-BF4B-00C04F79EFBC}") = "AKQA.Web.Server", "AKQA.Web.Server\AKQA.Web.Server.csproj", "{9FD96CF1-3EFE-4099-B9F5-E8DCAA94EC18}"
EndProject
Project("{FAE04EC0-301F-11D3-BF4B-00C04F79EFBC}") = "AKQA.Web.Server.Tests", "AKQA.Web.Server.Tests\AKQA.Web.Server.Tests.csproj", "{8EDF4429-251A-416D-BB68-93F227191BCF}"
EndProject
Project("{FAE04EC0-301F-11D3-BF4B-00C04F79EFBC}") = "AKQA.Web.Client", "AKQA.Web.Client\AKQA.Web.Client.csproj", "{6C04948C-B801-420B-9BCB-8AB9D4781567}"
EndProject
Global
	GlobalSection(SolutionConfigurationPlatforms) = preSolution
		Debug|Any CPU = Debug|Any CPU
		Release|Any CPU = Release|Any CPU
	EndGlobalSection
	GlobalSection(ProjectConfigurationPlatforms) = postSolution
		{8AD32898-1442-4A3A-92C0-01CD5ED4D5EB}.Debug|Any CPU.ActiveCfg = Debug|Any CPU
		{8AD32898-1442-4A3A-92C0-01CD5ED4D5EB}.Debug|Any CPU.Build.0 = Debug|Any CPU
		{8AD32898-1442-4A3A-92C0-01CD5ED4D5EB}.Release|Any CPU.ActiveCfg = Release|Any CPU
		{8AD32898-1442-4A3A-92C0-01CD5ED4D5EB}.Release|Any CPU.Build.0 = Release|Any CPU
		{3EDF9846-629B-4B6E-8578-564B5FD96F52}.Debug|Any CPU.ActiveCfg = Debug|Any CPU
		{3EDF9846-629B-4B6E-8578-564B5FD96F52}.Debug|Any CPU.Build.0 = Debug|Any CPU
		{3EDF9846-629B-4B6E-8578-564B5FD96F52}.Release|Any CPU.ActiveCfg = Release|Any CPU
		{3EDF9846-629B-4B6E-8578-564B5FD96F52}.Release|Any CPU.Build.0 = Release|Any CPU
		{9FD96CF1-3EFE-4099-B9F5-E8DCAA94EC18}.Debug|Any CPU.ActiveCfg = Debug|Any CPU
		{9FD96CF1-3EFE-4099-B9F5-E8DCAA94EC18}.Debug|Any CPU.Build.0 = Debug|Any CPU
		{9FD96CF1-3EFE-4099-B9F5-E8DCAA94EC18}.Release|Any CPU.ActiveCfg = Release|Any CPU
		{9FD96CF1-3EFE-4099-B9F5-E8DCAA94EC18}.Release|Any CPU.Build.0 = Release|Any CPU
		{8EDF4429-251A-416D-BB68-93F227191BCF}.Debug|Any CPU.ActiveCfg = Debug|Any CPU
		{8EDF4429-251A-416D-BB68-93F227191BCF}.Debug|Any CPU.Build.0 = Debug|Any CPU
		{8EDF4429-251A-416D-BB68-93F227191BCF}.Release|Any CPU.ActiveCfg = Release|Any CPU
		{8EDF4429-251A-416D-BB68-93F227191BCF}.Release|Any CPU.Build.0 = Release|Any CPU
		{6C04948C-B801-420B-9BCB-8AB9D4781567}.Debug|Any CPU.ActiveCfg = Debug|Any CPU
		{6C04948C-B801-420B-9BCB-8AB9D4781567}.Debug|Any CPU.Build.0 = Debug|Any CPU
		{6C04948C-B801-420B-9BCB-8AB9D4781567}.Release|Any CPU.ActiveCfg = Release|Any CPU
		{6C04948C-B801-420B-9BCB-8AB9D4781567}.Release|Any CPU.Build.0 = Release|Any CPU
	EndGlobalSection
	GlobalSection(SolutionProperties) = preSolution
		HideSolutionNode = FALSE
	EndGlobalSection
	GlobalSection(ExtensibilityGlobals) = postSolution
		SolutionGuid = {83119C1A-3F28-45AD-8477-56F57675AFE9}
	EndGlobalSection
EndGlobal
